
Microsoft Visual Studio Solution File, Format Version 12.00
# Visual Studio 2012
Project("{2150E333-8FDC-42A3-9474-1A3956D46DE8}") = "Backend", "Backend", "{73A2147E-48DF-4F74-B483-9166B293DD15}"
EndProject
Project("{2150E333-8FDC-42A3-9474-1A3956D46DE8}") = "Test", "Test", "{68F03E2D-FB69-4B51-B9B6-FD95749FA179}"
EndProject
Project("{FAE04EC0-301F-11D3-BF4B-00C04F79EFBC}") = "Places.Data.Test", "Test\Places.Data.Test\Places.Data.Test.csproj", "{31217F94-FFCF-4305-9C99-A4C98C2DAFCE}"
EndProject
Project("{2150E333-8FDC-42A3-9474-1A3956D46DE8}") = "Solution Items", "Solution Items", "{BE663D97-CE71-4A1D-8D5D-AE4E11D41004}"
	ProjectSection(SolutionItems) = preProject
		Local.testsettings = Local.testsettings
		Siska.vsmdi = Siska.vsmdi
		TraceAndTestImpact.testsettings = TraceAndTestImpact.testsettings
	EndProjectSection
EndProject
Project("{FAE04EC0-301F-11D3-BF4B-00C04F79EFBC}") = "Siska.Core", "Backend\Siska.Core\Siska.Core.csproj", "{42DE2E81-81F4-4792-BB4D-2924F935F659}"
EndProject
Project("{2150E333-8FDC-42A3-9474-1A3956D46DE8}") = "Apps", "Apps", "{924D09FD-06EA-4AA1-8BF3-E64223198D62}"
EndProject
Project("{2150E333-8FDC-42A3-9474-1A3956D46DE8}") = "Client", "Client", "{9E6DDAE8-6EC7-4EE5-9611-95034E8D9627}"
EndProject
Project("{FAE04EC0-301F-11D3-BF4B-00C04F79EFBC}") = "Siska.Data.NHibernate", "Backend\Siska.Data.NHibernate\Siska.Data.NHibernate.csproj", "{1069B9D4-EF88-4D2F-9724-57601B2ECBAB}"
EndProject
Project("{FAE04EC0-301F-11D3-BF4B-00C04F79EFBC}") = "PandawaCash", "Apps\PandawaCash\PandawaCash.csproj", "{916953BA-A3F3-4938-BAFC-22FB23E8856C}"
EndProject
Project("{FAE04EC0-301F-11D3-BF4B-00C04F79EFBC}") = "Siska.Wpf", "Client\Siska.Wpf\Siska.Wpf.csproj", "{67A25085-A880-438E-8B4F-8C73C4B68FD9}"
EndProject
Project("{2150E333-8FDC-42A3-9474-1A3956D46DE8}") = "Data", "Data", "{388C22A5-25EF-4292-9E6A-11C13F292FDB}"
	ProjectSection(SolutionItems) = preProject
		Data\POSIN.1.0.0.db = Data\POSIN.1.0.0.db
		Data\POSIN_CreateTables.0.0.1.sql = Data\POSIN_CreateTables.0.0.1.sql
		Data\POSIN_DropAllTables.0.0.1.sql = Data\POSIN_DropAllTables.0.0.1.sql
		Data\Siska.1.0.65.db = Data\Siska.1.0.65.db
	EndProjectSection
EndProject
Project("{2150E333-8FDC-42A3-9474-1A3956D46DE8}") = "Lib", "Lib", "{5E75E69F-3E62-498B-8503-28C676770CFD}"
	ProjectSection(SolutionItems) = preProject
		lib\AutoMapper.dll = lib\AutoMapper.dll
		lib\Castle.Core.dll = lib\Castle.Core.dll
		lib\Castle.Facilities.AutoTx.dll = lib\Castle.Facilities.AutoTx.dll
		lib\Castle.Facilities.EventWiring.dll = lib\Castle.Facilities.EventWiring.dll
		lib\Castle.Facilities.FactorySupport.dll = lib\Castle.Facilities.FactorySupport.dll
		lib\Castle.Facilities.Logging.dll = lib\Castle.Facilities.Logging.dll
		lib\Castle.Facilities.NHibernate.dll = lib\Castle.Facilities.NHibernate.dll
		lib\Castle.Facilities.Remoting.dll = lib\Castle.Facilities.Remoting.dll
		lib\Castle.Facilities.Synchronize.dll = lib\Castle.Facilities.Synchronize.dll
		lib\Castle.Services.Logging.Log4netIntegration.dll = lib\Castle.Services.Logging.Log4netIntegration.dll
		lib\Castle.Services.Logging.NLogIntegration.dll = lib\Castle.Services.Logging.NLogIntegration.dll
		lib\Castle.Transactions.dll = lib\Castle.Transactions.dll
		lib\Castle.Windsor.dll = lib\Castle.Windsor.dll
		lib\Esent.Interop.dll = lib\Esent.Interop.dll
		lib\FirstFloor.ModernUI.dll = lib\FirstFloor.ModernUI.dll
		lib\FluentNHibernate.dll = lib\FluentNHibernate.dll
		lib\HibernatingRhinos.Profiler.Appender.dll = lib\HibernatingRhinos.Profiler.Appender.dll
		lib\HibernatingRhinos.Profiler.Production.dll = lib\HibernatingRhinos.Profiler.Production.dll
		lib\Iesi.Collections.dll = lib\Iesi.Collections.dll
		lib\log4net.dll = lib\log4net.dll
		lib\Microsoft.Windows.Shell.dll = lib\Microsoft.Windows.Shell.dll
		lib\Moq.dll = lib\Moq.dll
		lib\NDatabase3.dll = lib\NDatabase3.dll
		lib\NHibernate.ByteCode.Castle.dll = lib\NHibernate.ByteCode.Castle.dll
		lib\NHibernate.dll = lib\NHibernate.dll
		lib\NHibernate.Validator.dll = lib\NHibernate.Validator.dll
		lib\NLog.dll = lib\NLog.dll
		lib\Rhino.PersistentHashTable.dll = lib\Rhino.PersistentHashTable.dll
		lib\Rhino.Queues.dll = lib\Rhino.Queues.dll
		lib\Rhino.ServiceBus.Castle.dll = lib\Rhino.ServiceBus.Castle.dll
		lib\Rhino.ServiceBus.dll = lib\Rhino.ServiceBus.dll
		lib\System.Data.SQLite.dll = lib\System.Data.SQLite.dll
		lib\System.Data.SQLite.Linq.dll = lib\System.Data.SQLite.Linq.dll
		lib\Wintellect.Threading.dll = lib\Wintellect.Threading.dll
		lib\WPFLocalizeExtension.dll = lib\WPFLocalizeExtension.dll
		lib\XAMLMarkupExtensions.dll = lib\XAMLMarkupExtensions.dll
	EndProjectSection
EndProject
Project("{2150E333-8FDC-42A3-9474-1A3956D46DE8}") = "MvvmLight", "MvvmLight", "{6D9E1D84-3FD2-4E45-8C1B-BD017C6C2278}"
	ProjectSection(SolutionItems) = preProject
		lib\MvvmLight\GalaSoft.MvvmLight.Extras.WPF45.dll = lib\MvvmLight\GalaSoft.MvvmLight.Extras.WPF45.dll
		lib\MvvmLight\GalaSoft.MvvmLight.Extras.WPF45.xml = lib\MvvmLight\GalaSoft.MvvmLight.Extras.WPF45.xml
		lib\MvvmLight\GalaSoft.MvvmLight.WPF45.dll = lib\MvvmLight\GalaSoft.MvvmLight.WPF45.dll
		lib\MvvmLight\GalaSoft.MvvmLight.WPF45.xml = lib\MvvmLight\GalaSoft.MvvmLight.WPF45.xml
		lib\MvvmLight\System.Windows.Interactivity.dll = lib\MvvmLight\System.Windows.Interactivity.dll
		lib\MvvmLight\System.Windows.Interactivity.xml = lib\MvvmLight\System.Windows.Interactivity.xml
	EndProjectSection
EndProject
Project("{FAE04EC0-301F-11D3-BF4B-00C04F79EFBC}") = "Siska.Data", "Backend\Siska.Data\Siska.Data.csproj", "{5F8B96FA-7AF8-49DC-8CB6-005C6781273A}"
EndProject
Project("{FAE04EC0-301F-11D3-BF4B-00C04F79EFBC}") = "SiskaStore", "Apps\SiskaStore\SiskaStore.csproj", "{1B1599E5-40B5-42EA-B33B-CCF0A117FB62}"
EndProject
Project("{FAE04EC0-301F-11D3-BF4B-00C04F79EFBC}") = "SiskaStore.Tests", "Test\SiskaStore.Tests\SiskaStore.Tests.csproj", "{A8374E47-15F7-4E7D-9303-121A61CF19D3}"
EndProject
Project("{FAE04EC0-301F-11D3-BF4B-00C04F79EFBC}") = "PandawaPOS", "Apps\PandawaPOS\PandawaPOS.csproj", "{794A0ABC-3157-4BCF-97F8-58CA4083967D}"
EndProject
Project("{FAE04EC0-301F-11D3-BF4B-00C04F79EFBC}") = "POS.Data.Test", "Test\POS.Data.Test\POS.Data.Test.csproj", "{5E704EF1-9CB3-4F03-9395-2791A0ABC2FB}"
EndProject
Project("{FAE04EC0-301F-11D3-BF4B-00C04F79EFBC}") = "Siska.Service", "Backend\Siska.Service\Siska.Service.csproj", "{CC080248-980B-447B-A877-C7A75C78FABE}"
EndProject
Project("{FAE04EC0-301F-11D3-BF4B-00C04F79EFBC}") = "POS.Service.Test", "Test\POS.Service.Test\POS.Service.Test.csproj", "{CD80CF93-A879-4FBD-A2A1-269D49060E4A}"
EndProject
Project("{2150E333-8FDC-42A3-9474-1A3956D46DE8}") = "Tools", "Tools", "{AC933A9D-FCE3-460A-A98B-4E30C9C46231}"
EndProject
Project("{FAE04EC0-301F-11D3-BF4B-00C04F79EFBC}") = "NHibernate.Validator", "Tools\NHibernate.Validator\NHibernate.Validator.csproj", "{599516E0-E10D-4F44-B5E1-B7B67EFC931A}"
EndProject
Project("{FAE04EC0-301F-11D3-BF4B-00C04F79EFBC}") = "NDatabase.Data.Test", "Test\Eloquera.Data.Test\NDatabase.Data.Test.csproj", "{1DECC0A2-199A-40D1-82BA-80B99945F2C9}"
EndProject
Project("{FAE04EC0-301F-11D3-BF4B-00C04F79EFBC}") = "Siska.Data.NDatabase", "Backend\Siska.Data.NDatabase\Siska.Data.NDatabase.csproj", "{54BEFB0A-C303-4DE9-A480-799E19F70B63}"
EndProject
Global
	GlobalSection(TestCaseManagementSettings) = postSolution
		CategoryFile = Siska.vsmdi
	EndGlobalSection
	GlobalSection(SolutionConfigurationPlatforms) = preSolution
		Debug|Any CPU = Debug|Any CPU
		Debug|Mixed Platforms = Debug|Mixed Platforms
		Debug|x64 = Debug|x64
		Debug|x86 = Debug|x86
		Release|Any CPU = Release|Any CPU
		Release|Mixed Platforms = Release|Mixed Platforms
		Release|x64 = Release|x64
		Release|x86 = Release|x86
	EndGlobalSection
	GlobalSection(ProjectConfigurationPlatforms) = postSolution
		{31217F94-FFCF-4305-9C99-A4C98C2DAFCE}.Debug|Any CPU.ActiveCfg = Debug|Any CPU
		{31217F94-FFCF-4305-9C99-A4C98C2DAFCE}.Debug|Any CPU.Build.0 = Debug|Any CPU
		{31217F94-FFCF-4305-9C99-A4C98C2DAFCE}.Debug|Mixed Platforms.ActiveCfg = Debug|Any CPU
		{31217F94-FFCF-4305-9C99-A4C98C2DAFCE}.Debug|Mixed Platforms.Build.0 = Debug|Any CPU
		{31217F94-FFCF-4305-9C99-A4C98C2DAFCE}.Debug|x64.ActiveCfg = Debug|x64
		{31217F94-FFCF-4305-9C99-A4C98C2DAFCE}.Debug|x64.Build.0 = Debug|x64
		{31217F94-FFCF-4305-9C99-A4C98C2DAFCE}.Debug|x86.ActiveCfg = Debug|Any CPU
		{31217F94-FFCF-4305-9C99-A4C98C2DAFCE}.Debug|x86.Build.0 = Debug|Any CPU
		{31217F94-FFCF-4305-9C99-A4C98C2DAFCE}.Release|Any CPU.ActiveCfg = Release|Any CPU
		{31217F94-FFCF-4305-9C99-A4C98C2DAFCE}.Release|Any CPU.Build.0 = Release|Any CPU
		{31217F94-FFCF-4305-9C99-A4C98C2DAFCE}.Release|Mixed Platforms.ActiveCfg = Release|Any CPU
		{31217F94-FFCF-4305-9C99-A4C98C2DAFCE}.Release|Mixed Platforms.Build.0 = Release|Any CPU
		{31217F94-FFCF-4305-9C99-A4C98C2DAFCE}.Release|x64.ActiveCfg = Release|x64
		{31217F94-FFCF-4305-9C99-A4C98C2DAFCE}.Release|x64.Build.0 = Release|x64
		{31217F94-FFCF-4305-9C99-A4C98C2DAFCE}.Release|x86.ActiveCfg = Release|Any CPU
		{42DE2E81-81F4-4792-BB4D-2924F935F659}.Debug|Any CPU.ActiveCfg = Debug|Any CPU
		{42DE2E81-81F4-4792-BB4D-2924F935F659}.Debug|Any CPU.Build.0 = Debug|Any CPU
		{42DE2E81-81F4-4792-BB4D-2924F935F659}.Debug|Mixed Platforms.ActiveCfg = Debug|Any CPU
		{42DE2E81-81F4-4792-BB4D-2924F935F659}.Debug|Mixed Platforms.Build.0 = Debug|Any CPU
		{42DE2E81-81F4-4792-BB4D-2924F935F659}.Debug|x64.ActiveCfg = Debug|x64
		{42DE2E81-81F4-4792-BB4D-2924F935F659}.Debug|x64.Build.0 = Debug|x64
		{42DE2E81-81F4-4792-BB4D-2924F935F659}.Debug|x86.ActiveCfg = Debug|Any CPU
		{42DE2E81-81F4-4792-BB4D-2924F935F659}.Debug|x86.Build.0 = Debug|Any CPU
		{42DE2E81-81F4-4792-BB4D-2924F935F659}.Release|Any CPU.ActiveCfg = Release|Any CPU
		{42DE2E81-81F4-4792-BB4D-2924F935F659}.Release|Any CPU.Build.0 = Release|Any CPU
		{42DE2E81-81F4-4792-BB4D-2924F935F659}.Release|Mixed Platforms.ActiveCfg = Release|Any CPU
		{42DE2E81-81F4-4792-BB4D-2924F935F659}.Release|Mixed Platforms.Build.0 = Release|Any CPU
		{42DE2E81-81F4-4792-BB4D-2924F935F659}.Release|x64.ActiveCfg = Release|x64
		{42DE2E81-81F4-4792-BB4D-2924F935F659}.Release|x64.Build.0 = Release|x64
		{42DE2E81-81F4-4792-BB4D-2924F935F659}.Release|x86.ActiveCfg = Release|Any CPU
		{1069B9D4-EF88-4D2F-9724-57601B2ECBAB}.Debug|Any CPU.ActiveCfg = Debug|Any CPU
		{1069B9D4-EF88-4D2F-9724-57601B2ECBAB}.Debug|Any CPU.Build.0 = Debug|Any CPU
		{1069B9D4-EF88-4D2F-9724-57601B2ECBAB}.Debug|Mixed Platforms.ActiveCfg = Debug|Any CPU
		{1069B9D4-EF88-4D2F-9724-57601B2ECBAB}.Debug|Mixed Platforms.Build.0 = Debug|Any CPU
		{1069B9D4-EF88-4D2F-9724-57601B2ECBAB}.Debug|x64.ActiveCfg = Debug|x64
		{1069B9D4-EF88-4D2F-9724-57601B2ECBAB}.Debug|x64.Build.0 = Debug|x64
		{1069B9D4-EF88-4D2F-9724-57601B2ECBAB}.Debug|x86.ActiveCfg = Debug|Any CPU
		{1069B9D4-EF88-4D2F-9724-57601B2ECBAB}.Debug|x86.Build.0 = Debug|Any CPU
		{1069B9D4-EF88-4D2F-9724-57601B2ECBAB}.Release|Any CPU.ActiveCfg = Release|Any CPU
		{1069B9D4-EF88-4D2F-9724-57601B2ECBAB}.Release|Any CPU.Build.0 = Release|Any CPU
		{1069B9D4-EF88-4D2F-9724-57601B2ECBAB}.Release|Mixed Platforms.ActiveCfg = Release|Any CPU
		{1069B9D4-EF88-4D2F-9724-57601B2ECBAB}.Release|Mixed Platforms.Build.0 = Release|Any CPU
		{1069B9D4-EF88-4D2F-9724-57601B2ECBAB}.Release|x64.ActiveCfg = Release|x64
		{1069B9D4-EF88-4D2F-9724-57601B2ECBAB}.Release|x64.Build.0 = Release|x64
		{1069B9D4-EF88-4D2F-9724-57601B2ECBAB}.Release|x86.ActiveCfg = Release|Any CPU
		{916953BA-A3F3-4938-BAFC-22FB23E8856C}.Debug|Any CPU.ActiveCfg = Debug|Any CPU
		{916953BA-A3F3-4938-BAFC-22FB23E8856C}.Debug|Any CPU.Build.0 = Debug|Any CPU
		{916953BA-A3F3-4938-BAFC-22FB23E8856C}.Debug|Mixed Platforms.ActiveCfg = Debug|Any CPU
		{916953BA-A3F3-4938-BAFC-22FB23E8856C}.Debug|Mixed Platforms.Build.0 = Debug|Any CPU
		{916953BA-A3F3-4938-BAFC-22FB23E8856C}.Debug|x64.ActiveCfg = Debug|x64
		{916953BA-A3F3-4938-BAFC-22FB23E8856C}.Debug|x64.Build.0 = Debug|x64
		{916953BA-A3F3-4938-BAFC-22FB23E8856C}.Debug|x86.ActiveCfg = Debug|Any CPU
		{916953BA-A3F3-4938-BAFC-22FB23E8856C}.Release|Any CPU.ActiveCfg = Release|Any CPU
		{916953BA-A3F3-4938-BAFC-22FB23E8856C}.Release|Any CPU.Build.0 = Release|Any CPU
		{916953BA-A3F3-4938-BAFC-22FB23E8856C}.Release|Mixed Platforms.ActiveCfg = Release|Any CPU
		{916953BA-A3F3-4938-BAFC-22FB23E8856C}.Release|Mixed Platforms.Build.0 = Release|Any CPU
		{916953BA-A3F3-4938-BAFC-22FB23E8856C}.Release|x64.ActiveCfg = Release|x64
		{916953BA-A3F3-4938-BAFC-22FB23E8856C}.Release|x64.Build.0 = Release|x64
		{916953BA-A3F3-4938-BAFC-22FB23E8856C}.Release|x86.ActiveCfg = Release|Any CPU
		{67A25085-A880-438E-8B4F-8C73C4B68FD9}.Debug|Any CPU.ActiveCfg = Debug|Any CPU
		{67A25085-A880-438E-8B4F-8C73C4B68FD9}.Debug|Any CPU.Build.0 = Debug|Any CPU
		{67A25085-A880-438E-8B4F-8C73C4B68FD9}.Debug|Mixed Platforms.ActiveCfg = Debug|Any CPU
		{67A25085-A880-438E-8B4F-8C73C4B68FD9}.Debug|Mixed Platforms.Build.0 = Debug|Any CPU
		{67A25085-A880-438E-8B4F-8C73C4B68FD9}.Debug|x64.ActiveCfg = Debug|x64
		{67A25085-A880-438E-8B4F-8C73C4B68FD9}.Debug|x64.Build.0 = Debug|x64
		{67A25085-A880-438E-8B4F-8C73C4B68FD9}.Debug|x86.ActiveCfg = Debug|Any CPU
		{67A25085-A880-438E-8B4F-8C73C4B68FD9}.Release|Any CPU.ActiveCfg = Release|Any CPU
		{67A25085-A880-438E-8B4F-8C73C4B68FD9}.Release|Any CPU.Build.0 = Release|Any CPU
		{67A25085-A880-438E-8B4F-8C73C4B68FD9}.Release|Mixed Platforms.ActiveCfg = Release|Any CPU
		{67A25085-A880-438E-8B4F-8C73C4B68FD9}.Release|Mixed Platforms.Build.0 = Release|Any CPU
		{67A25085-A880-438E-8B4F-8C73C4B68FD9}.Release|x64.ActiveCfg = Release|x64
		{67A25085-A880-438E-8B4F-8C73C4B68FD9}.Release|x64.Build.0 = Release|x64
		{67A25085-A880-438E-8B4F-8C73C4B68FD9}.Release|x86.ActiveCfg = Release|Any CPU
		{5F8B96FA-7AF8-49DC-8CB6-005C6781273A}.Debug|Any CPU.ActiveCfg = Debug|Any CPU
		{5F8B96FA-7AF8-49DC-8CB6-005C6781273A}.Debug|Any CPU.Build.0 = Debug|Any CPU
		{5F8B96FA-7AF8-49DC-8CB6-005C6781273A}.Debug|Mixed Platforms.ActiveCfg = Debug|Any CPU
		{5F8B96FA-7AF8-49DC-8CB6-005C6781273A}.Debug|Mixed Platforms.Build.0 = Debug|Any CPU
		{5F8B96FA-7AF8-49DC-8CB6-005C6781273A}.Debug|x64.ActiveCfg = Debug|Any CPU
		{5F8B96FA-7AF8-49DC-8CB6-005C6781273A}.Debug|x86.ActiveCfg = Debug|Any CPU
		{5F8B96FA-7AF8-49DC-8CB6-005C6781273A}.Release|Any CPU.ActiveCfg = Release|Any CPU
		{5F8B96FA-7AF8-49DC-8CB6-005C6781273A}.Release|Any CPU.Build.0 = Release|Any CPU
		{5F8B96FA-7AF8-49DC-8CB6-005C6781273A}.Release|Mixed Platforms.ActiveCfg = Release|Any CPU
		{5F8B96FA-7AF8-49DC-8CB6-005C6781273A}.Release|Mixed Platforms.Build.0 = Release|Any CPU
		{5F8B96FA-7AF8-49DC-8CB6-005C6781273A}.Release|x64.ActiveCfg = Release|Any CPU
		{5F8B96FA-7AF8-49DC-8CB6-005C6781273A}.Release|x86.ActiveCfg = Release|Any CPU
		{1B1599E5-40B5-42EA-B33B-CCF0A117FB62}.Debug|Any CPU.ActiveCfg = Debug|Any CPU
		{1B1599E5-40B5-42EA-B33B-CCF0A117FB62}.Debug|Any CPU.Build.0 = Debug|Any CPU
		{1B1599E5-40B5-42EA-B33B-CCF0A117FB62}.Debug|Mixed Platforms.ActiveCfg = Debug|Any CPU
		{1B1599E5-40B5-42EA-B33B-CCF0A117FB62}.Debug|Mixed Platforms.Build.0 = Debug|Any CPU
		{1B1599E5-40B5-42EA-B33B-CCF0A117FB62}.Debug|x64.ActiveCfg = Debug|Any CPU
		{1B1599E5-40B5-42EA-B33B-CCF0A117FB62}.Debug|x86.ActiveCfg = Debug|Any CPU
		{1B1599E5-40B5-42EA-B33B-CCF0A117FB62}.Release|Any CPU.ActiveCfg = Release|Any CPU
		{1B1599E5-40B5-42EA-B33B-CCF0A117FB62}.Release|Any CPU.Build.0 = Release|Any CPU
		{1B1599E5-40B5-42EA-B33B-CCF0A117FB62}.Release|Mixed Platforms.ActiveCfg = Release|Any CPU
		{1B1599E5-40B5-42EA-B33B-CCF0A117FB62}.Release|Mixed Platforms.Build.0 = Release|Any CPU
		{1B1599E5-40B5-42EA-B33B-CCF0A117FB62}.Release|x64.ActiveCfg = Release|Any CPU
		{1B1599E5-40B5-42EA-B33B-CCF0A117FB62}.Release|x86.ActiveCfg = Release|Any CPU
		{A8374E47-15F7-4E7D-9303-121A61CF19D3}.Debug|Any CPU.ActiveCfg = Debug|Any CPU
		{A8374E47-15F7-4E7D-9303-121A61CF19D3}.Debug|Any CPU.Build.0 = Debug|Any CPU
		{A8374E47-15F7-4E7D-9303-121A61CF19D3}.Debug|Mixed Platforms.ActiveCfg = Debug|Any CPU
		{A8374E47-15F7-4E7D-9303-121A61CF19D3}.Debug|Mixed Platforms.Build.0 = Debug|Any CPU
		{A8374E47-15F7-4E7D-9303-121A61CF19D3}.Debug|x64.ActiveCfg = Debug|Any CPU
		{A8374E47-15F7-4E7D-9303-121A61CF19D3}.Debug|x86.ActiveCfg = Debug|Any CPU
		{A8374E47-15F7-4E7D-9303-121A61CF19D3}.Release|Any CPU.ActiveCfg = Release|Any CPU
		{A8374E47-15F7-4E7D-9303-121A61CF19D3}.Release|Any CPU.Build.0 = Release|Any CPU
		{A8374E47-15F7-4E7D-9303-121A61CF19D3}.Release|Mixed Platforms.ActiveCfg = Release|Any CPU
		{A8374E47-15F7-4E7D-9303-121A61CF19D3}.Release|Mixed Platforms.Build.0 = Release|Any CPU
		{A8374E47-15F7-4E7D-9303-121A61CF19D3}.Release|x64.ActiveCfg = Release|Any CPU
		{A8374E47-15F7-4E7D-9303-121A61CF19D3}.Release|x86.ActiveCfg = Release|Any CPU
		{794A0ABC-3157-4BCF-97F8-58CA4083967D}.Debug|Any CPU.ActiveCfg = Debug|Any CPU
		{794A0ABC-3157-4BCF-97F8-58CA4083967D}.Debug|Any CPU.Build.0 = Debug|Any CPU
		{794A0ABC-3157-4BCF-97F8-58CA4083967D}.Debug|Mixed Platforms.ActiveCfg = Debug|Any CPU
		{794A0ABC-3157-4BCF-97F8-58CA4083967D}.Debug|Mixed Platforms.Build.0 = Debug|Any CPU
		{794A0ABC-3157-4BCF-97F8-58CA4083967D}.Debug|x64.ActiveCfg = Debug|Any CPU
		{794A0ABC-3157-4BCF-97F8-58CA4083967D}.Debug|x86.ActiveCfg = Debug|Any CPU
		{794A0ABC-3157-4BCF-97F8-58CA4083967D}.Release|Any CPU.ActiveCfg = Release|Any CPU
		{794A0ABC-3157-4BCF-97F8-58CA4083967D}.Release|Any CPU.Build.0 = Release|Any CPU
		{794A0ABC-3157-4BCF-97F8-58CA4083967D}.Release|Mixed Platforms.ActiveCfg = Release|Any CPU
		{794A0ABC-3157-4BCF-97F8-58CA4083967D}.Release|Mixed Platforms.Build.0 = Release|Any CPU
		{794A0ABC-3157-4BCF-97F8-58CA4083967D}.Release|x64.ActiveCfg = Release|Any CPU
		{794A0ABC-3157-4BCF-97F8-58CA4083967D}.Release|x86.ActiveCfg = Release|Any CPU
		{5E704EF1-9CB3-4F03-9395-2791A0ABC2FB}.Debug|Any CPU.ActiveCfg = Debug|Any CPU
		{5E704EF1-9CB3-4F03-9395-2791A0ABC2FB}.Debug|Any CPU.Build.0 = Debug|Any CPU
		{5E704EF1-9CB3-4F03-9395-2791A0ABC2FB}.Debug|Mixed Platforms.ActiveCfg = Debug|Any CPU
		{5E704EF1-9CB3-4F03-9395-2791A0ABC2FB}.Debug|Mixed Platforms.Build.0 = Debug|Any CPU
		{5E704EF1-9CB3-4F03-9395-2791A0ABC2FB}.Debug|x64.ActiveCfg = Debug|Any CPU
		{5E704EF1-9CB3-4F03-9395-2791A0ABC2FB}.Debug|x86.ActiveCfg = Debug|Any CPU
		{5E704EF1-9CB3-4F03-9395-2791A0ABC2FB}.Release|Any CPU.ActiveCfg = Release|Any CPU
		{5E704EF1-9CB3-4F03-9395-2791A0ABC2FB}.Release|Any CPU.Build.0 = Release|Any CPU
		{5E704EF1-9CB3-4F03-9395-2791A0ABC2FB}.Release|Mixed Platforms.ActiveCfg = Release|Any CPU
		{5E704EF1-9CB3-4F03-9395-2791A0ABC2FB}.Release|Mixed Platforms.Build.0 = Release|Any CPU
		{5E704EF1-9CB3-4F03-9395-2791A0ABC2FB}.Release|x64.ActiveCfg = Release|Any CPU
		{5E704EF1-9CB3-4F03-9395-2791A0ABC2FB}.Release|x86.ActiveCfg = Release|Any CPU
		{CC080248-980B-447B-A877-C7A75C78FABE}.Debug|Any CPU.ActiveCfg = Debug|Any CPU
		{CC080248-980B-447B-A877-C7A75C78FABE}.Debug|Any CPU.Build.0 = Debug|Any CPU
		{CC080248-980B-447B-A877-C7A75C78FABE}.Debug|Mixed Platforms.ActiveCfg = Debug|Any CPU
		{CC080248-980B-447B-A877-C7A75C78FABE}.Debug|Mixed Platforms.Build.0 = Debug|Any CPU
		{CC080248-980B-447B-A877-C7A75C78FABE}.Debug|x64.ActiveCfg = Debug|Any CPU
		{CC080248-980B-447B-A877-C7A75C78FABE}.Debug|x86.ActiveCfg = Debug|Any CPU
		{CC080248-980B-447B-A877-C7A75C78FABE}.Release|Any CPU.ActiveCfg = Release|Any CPU
		{CC080248-980B-447B-A877-C7A75C78FABE}.Release|Any CPU.Build.0 = Release|Any CPU
		{CC080248-980B-447B-A877-C7A75C78FABE}.Release|Mixed Platforms.ActiveCfg = Release|Any CPU
		{CC080248-980B-447B-A877-C7A75C78FABE}.Release|Mixed Platforms.Build.0 = Release|Any CPU
		{CC080248-980B-447B-A877-C7A75C78FABE}.Release|x64.ActiveCfg = Release|Any CPU
		{CC080248-980B-447B-A877-C7A75C78FABE}.Release|x86.ActiveCfg = Release|Any CPU
		{CD80CF93-A879-4FBD-A2A1-269D49060E4A}.Debug|Any CPU.ActiveCfg = Debug|Any CPU
		{CD80CF93-A879-4FBD-A2A1-269D49060E4A}.Debug|Any CPU.Build.0 = Debug|Any CPU
		{CD80CF93-A879-4FBD-A2A1-269D49060E4A}.Debug|Mixed Platforms.ActiveCfg = Debug|Any CPU
		{CD80CF93-A879-4FBD-A2A1-269D49060E4A}.Debug|Mixed Platforms.Build.0 = Debug|Any CPU
		{CD80CF93-A879-4FBD-A2A1-269D49060E4A}.Debug|x64.ActiveCfg = Debug|Any CPU
		{CD80CF93-A879-4FBD-A2A1-269D49060E4A}.Debug|x86.ActiveCfg = Debug|Any CPU
		{CD80CF93-A879-4FBD-A2A1-269D49060E4A}.Release|Any CPU.ActiveCfg = Release|Any CPU
		{CD80CF93-A879-4FBD-A2A1-269D49060E4A}.Release|Any CPU.Build.0 = Release|Any CPU
		{CD80CF93-A879-4FBD-A2A1-269D49060E4A}.Release|Mixed Platforms.ActiveCfg = Release|Any CPU
		{CD80CF93-A879-4FBD-A2A1-269D49060E4A}.Release|Mixed Platforms.Build.0 = Release|Any CPU
		{CD80CF93-A879-4FBD-A2A1-269D49060E4A}.Release|x64.ActiveCfg = Release|Any CPU
		{CD80CF93-A879-4FBD-A2A1-269D49060E4A}.Release|x86.ActiveCfg = Release|Any CPU
		{599516E0-E10D-4F44-B5E1-B7B67EFC931A}.Debug|Any CPU.ActiveCfg = Debug|Any CPU
		{599516E0-E10D-4F44-B5E1-B7B67EFC931A}.Debug|Any CPU.Build.0 = Debug|Any CPU
		{599516E0-E10D-4F44-B5E1-B7B67EFC931A}.Debug|Mixed Platforms.ActiveCfg = Debug|Any CPU
		{599516E0-E10D-4F44-B5E1-B7B67EFC931A}.Debug|Mixed Platforms.Build.0 = Debug|Any CPU
		{599516E0-E10D-4F44-B5E1-B7B67EFC931A}.Debug|x64.ActiveCfg = Debug|Any CPU
		{599516E0-E10D-4F44-B5E1-B7B67EFC931A}.Debug|x86.ActiveCfg = Debug|Any CPU
		{599516E0-E10D-4F44-B5E1-B7B67EFC931A}.Release|Any CPU.ActiveCfg = Release|Any CPU
		{599516E0-E10D-4F44-B5E1-B7B67EFC931A}.Release|Any CPU.Build.0 = Release|Any CPU
		{599516E0-E10D-4F44-B5E1-B7B67EFC931A}.Release|Mixed Platforms.ActiveCfg = Release|Any CPU
		{599516E0-E10D-4F44-B5E1-B7B67EFC931A}.Release|Mixed Platforms.Build.0 = Release|Any CPU
		{599516E0-E10D-4F44-B5E1-B7B67EFC931A}.Release|x64.ActiveCfg = Release|Any CPU
		{599516E0-E10D-4F44-B5E1-B7B67EFC931A}.Release|x86.ActiveCfg = Release|Any CPU
		{1DECC0A2-199A-40D1-82BA-80B99945F2C9}.Debug|Any CPU.ActiveCfg = Debug|Any CPU
		{1DECC0A2-199A-40D1-82BA-80B99945F2C9}.Debug|Any CPU.Build.0 = Debug|Any CPU
		{1DECC0A2-199A-40D1-82BA-80B99945F2C9}.Debug|Mixed Platforms.ActiveCfg = Debug|Any CPU
		{1DECC0A2-199A-40D1-82BA-80B99945F2C9}.Debug|Mixed Platforms.Build.0 = Debug|Any CPU
		{1DECC0A2-199A-40D1-82BA-80B99945F2C9}.Debug|x64.ActiveCfg = Debug|Any CPU
		{1DECC0A2-199A-40D1-82BA-80B99945F2C9}.Debug|x86.ActiveCfg = Debug|Any CPU
		{1DECC0A2-199A-40D1-82BA-80B99945F2C9}.Release|Any CPU.ActiveCfg = Release|Any CPU
		{1DECC0A2-199A-40D1-82BA-80B99945F2C9}.Release|Any CPU.Build.0 = Release|Any CPU
		{1DECC0A2-199A-40D1-82BA-80B99945F2C9}.Release|Mixed Platforms.ActiveCfg = Release|Any CPU
		{1DECC0A2-199A-40D1-82BA-80B99945F2C9}.Release|Mixed Platforms.Build.0 = Release|Any CPU
		{1DECC0A2-199A-40D1-82BA-80B99945F2C9}.Release|x64.ActiveCfg = Release|Any CPU
		{1DECC0A2-199A-40D1-82BA-80B99945F2C9}.Release|x86.ActiveCfg = Release|Any CPU
		{54BEFB0A-C303-4DE9-A480-799E19F70B63}.Debug|Any CPU.ActiveCfg = Debug|Any CPU
		{54BEFB0A-C303-4DE9-A480-799E19F70B63}.Debug|Any CPU.Build.0 = Debug|Any CPU
		{54BEFB0A-C303-4DE9-A480-799E19F70B63}.Debug|Mixed Platforms.ActiveCfg = Debug|Any CPU
		{54BEFB0A-C303-4DE9-A480-799E19F70B63}.Debug|Mixed Platforms.Build.0 = Debug|Any CPU
		{54BEFB0A-C303-4DE9-A480-799E19F70B63}.Debug|x64.ActiveCfg = Debug|Any CPU
		{54BEFB0A-C303-4DE9-A480-799E19F70B63}.Debug|x86.ActiveCfg = Debug|Any CPU
		{54BEFB0A-C303-4DE9-A480-799E19F70B63}.Release|Any CPU.ActiveCfg = Release|Any CPU
		{54BEFB0A-C303-4DE9-A480-799E19F70B63}.Release|Any CPU.Build.0 = Release|Any CPU
		{54BEFB0A-C303-4DE9-A480-799E19F70B63}.Release|Mixed Platforms.ActiveCfg = Release|Any CPU
		{54BEFB0A-C303-4DE9-A480-799E19F70B63}.Release|Mixed Platforms.Build.0 = Release|Any CPU
		{54BEFB0A-C303-4DE9-A480-799E19F70B63}.Release|x64.ActiveCfg = Release|Any CPU
		{54BEFB0A-C303-4DE9-A480-799E19F70B63}.Release|x86.ActiveCfg = Release|Any CPU
	EndGlobalSection
	GlobalSection(SolutionProperties) = preSolution
		HideSolutionNode = FALSE
	EndGlobalSection
	GlobalSection(NestedProjects) = preSolution
		{42DE2E81-81F4-4792-BB4D-2924F935F659} = {73A2147E-48DF-4F74-B483-9166B293DD15}
		{1069B9D4-EF88-4D2F-9724-57601B2ECBAB} = {73A2147E-48DF-4F74-B483-9166B293DD15}
		{388C22A5-25EF-4292-9E6A-11C13F292FDB} = {73A2147E-48DF-4F74-B483-9166B293DD15}
		{5F8B96FA-7AF8-49DC-8CB6-005C6781273A} = {73A2147E-48DF-4F74-B483-9166B293DD15}
		{CC080248-980B-447B-A877-C7A75C78FABE} = {73A2147E-48DF-4F74-B483-9166B293DD15}
		{54BEFB0A-C303-4DE9-A480-799E19F70B63} = {73A2147E-48DF-4F74-B483-9166B293DD15}
		{31217F94-FFCF-4305-9C99-A4C98C2DAFCE} = {68F03E2D-FB69-4B51-B9B6-FD95749FA179}
		{BE663D97-CE71-4A1D-8D5D-AE4E11D41004} = {68F03E2D-FB69-4B51-B9B6-FD95749FA179}
		{A8374E47-15F7-4E7D-9303-121A61CF19D3} = {68F03E2D-FB69-4B51-B9B6-FD95749FA179}
		{5E704EF1-9CB3-4F03-9395-2791A0ABC2FB} = {68F03E2D-FB69-4B51-B9B6-FD95749FA179}
		{CD80CF93-A879-4FBD-A2A1-269D49060E4A} = {68F03E2D-FB69-4B51-B9B6-FD95749FA179}
		{1DECC0A2-199A-40D1-82BA-80B99945F2C9} = {68F03E2D-FB69-4B51-B9B6-FD95749FA179}
		{916953BA-A3F3-4938-BAFC-22FB23E8856C} = {924D09FD-06EA-4AA1-8BF3-E64223198D62}
		{1B1599E5-40B5-42EA-B33B-CCF0A117FB62} = {924D09FD-06EA-4AA1-8BF3-E64223198D62}
		{794A0ABC-3157-4BCF-97F8-58CA4083967D} = {924D09FD-06EA-4AA1-8BF3-E64223198D62}
		{67A25085-A880-438E-8B4F-8C73C4B68FD9} = {9E6DDAE8-6EC7-4EE5-9611-95034E8D9627}
		{6D9E1D84-3FD2-4E45-8C1B-BD017C6C2278} = {5E75E69F-3E62-498B-8503-28C676770CFD}
		{599516E0-E10D-4F44-B5E1-B7B67EFC931A} = {AC933A9D-FCE3-460A-A98B-4E30C9C46231}
	EndGlobalSection
EndGlobal
